
Microsoft Visual Studio Solution File, Format Version 12.00
# Visual Studio Version 17
VisualStudioVersion = 17.4.33205.214
MinimumVisualStudioVersion = 10.0.40219.1
Project("{FAE04EC0-301F-11D3-BF4B-00C04F79EFBC}") = "Konsoluygulması2", "Konsoluygulması2\Konsoluygulması2.csproj", "{33E907F4-2A23-4CF6-8CE7-EB27E24E959E}"
EndProject
Global
	GlobalSection(SolutionConfigurationPlatforms) = preSolution
		Debug|Any CPU = Debug|Any CPU
		Release|Any CPU = Release|Any CPU
	EndGlobalSection
	GlobalSection(ProjectConfigurationPlatforms) = postSolution
		{33E907F4-2A23-4CF6-8CE7-EB27E24E959E}.Debug|Any CPU.ActiveCfg = Debug|Any CPU
		{33E907F4-2A23-4CF6-8CE7-EB27E24E959E}.Debug|Any CPU.Build.0 = Debug|Any CPU
		{33E907F4-2A23-4CF6-8CE7-EB27E24E959E}.Release|Any CPU.ActiveCfg = Release|Any CPU
		{33E907F4-2A23-4CF6-8CE7-EB27E24E959E}.Release|Any CPU.Build.0 = Release|Any CPU
	EndGlobalSection
	GlobalSection(SolutionProperties) = preSolution
		HideSolutionNode = FALSE
	EndGlobalSection
	GlobalSection(ExtensibilityGlobals) = postSolution
		SolutionGuid = {1845DAD4-D420-48EA-B7CE-11E2ADB99ABE}
	EndGlobalSection
EndGlobal
