
Microsoft Visual Studio Solution File, Format Version 12.00
# Visual Studio Version 17
VisualStudioVersion = 17.4.33205.214
MinimumVisualStudioVersion = 10.0.40219.1
Project("{FAE04EC0-301F-11D3-BF4B-00C04F79EFBC}") = "UÇAK BİLET REZARVASYON PROJESİ", "UÇAK BİLET REZARVASYON PROJESİ\UÇAK BİLET REZARVASYON PROJESİ.csproj", "{F22DF364-BEB1-4DEE-A750-B32FD1793C73}"
EndProject
Global
	GlobalSection(SolutionConfigurationPlatforms) = preSolution
		Debug|Any CPU = Debug|Any CPU
		Release|Any CPU = Release|Any CPU
	EndGlobalSection
	GlobalSection(ProjectConfigurationPlatforms) = postSolution
		{F22DF364-BEB1-4DEE-A750-B32FD1793C73}.Debug|Any CPU.ActiveCfg = Debug|Any CPU
		{F22DF364-BEB1-4DEE-A750-B32FD1793C73}.Debug|Any CPU.Build.0 = Debug|Any CPU
		{F22DF364-BEB1-4DEE-A750-B32FD1793C73}.Release|Any CPU.ActiveCfg = Release|Any CPU
		{F22DF364-BEB1-4DEE-A750-B32FD1793C73}.Release|Any CPU.Build.0 = Release|Any CPU
	EndGlobalSection
	GlobalSection(SolutionProperties) = preSolution
		HideSolutionNode = FALSE
	EndGlobalSection
	GlobalSection(ExtensibilityGlobals) = postSolution
		SolutionGuid = {B485076D-1AE6-43E0-AF1C-D749F3E0501E}
	EndGlobalSection
EndGlobal
