
Microsoft Visual Studio Solution File, Format Version 12.00
# Visual Studio Version 17
VisualStudioVersion = 17.4.33205.214
MinimumVisualStudioVersion = 10.0.40219.1
Project("{FAE04EC0-301F-11D3-BF4B-00C04F79EFBC}") = "sınıf_uygulması1", "sınıf_uygulması1\sınıf_uygulması1.csproj", "{E1E42441-0C42-4EAD-A2F1-11A12D151FD8}"
EndProject
Global
	GlobalSection(SolutionConfigurationPlatforms) = preSolution
		Debug|Any CPU = Debug|Any CPU
		Release|Any CPU = Release|Any CPU
	EndGlobalSection
	GlobalSection(ProjectConfigurationPlatforms) = postSolution
		{E1E42441-0C42-4EAD-A2F1-11A12D151FD8}.Debug|Any CPU.ActiveCfg = Debug|Any CPU
		{E1E42441-0C42-4EAD-A2F1-11A12D151FD8}.Debug|Any CPU.Build.0 = Debug|Any CPU
		{E1E42441-0C42-4EAD-A2F1-11A12D151FD8}.Release|Any CPU.ActiveCfg = Release|Any CPU
		{E1E42441-0C42-4EAD-A2F1-11A12D151FD8}.Release|Any CPU.Build.0 = Release|Any CPU
	EndGlobalSection
	GlobalSection(SolutionProperties) = preSolution
		HideSolutionNode = FALSE
	EndGlobalSection
	GlobalSection(ExtensibilityGlobals) = postSolution
		SolutionGuid = {D26EB07F-FAED-4824-B02D-C0B3D7E25023}
	EndGlobalSection
EndGlobal
