
Microsoft Visual Studio Solution File, Format Version 12.00
# Visual Studio Version 17
VisualStudioVersion = 17.4.33205.214
MinimumVisualStudioVersion = 10.0.40219.1
Project("{FAE04EC0-301F-11D3-BF4B-00C04F79EFBC}") = "Menustrip_örneği2", "Menustrip_örneği2\Menustrip_örneği2.csproj", "{B347021B-7514-41E8-985C-665F246C5DEF}"
EndProject
Global
	GlobalSection(SolutionConfigurationPlatforms) = preSolution
		Debug|Any CPU = Debug|Any CPU
		Release|Any CPU = Release|Any CPU
	EndGlobalSection
	GlobalSection(ProjectConfigurationPlatforms) = postSolution
		{B347021B-7514-41E8-985C-665F246C5DEF}.Debug|Any CPU.ActiveCfg = Debug|Any CPU
		{B347021B-7514-41E8-985C-665F246C5DEF}.Debug|Any CPU.Build.0 = Debug|Any CPU
		{B347021B-7514-41E8-985C-665F246C5DEF}.Release|Any CPU.ActiveCfg = Release|Any CPU
		{B347021B-7514-41E8-985C-665F246C5DEF}.Release|Any CPU.Build.0 = Release|Any CPU
	EndGlobalSection
	GlobalSection(SolutionProperties) = preSolution
		HideSolutionNode = FALSE
	EndGlobalSection
	GlobalSection(ExtensibilityGlobals) = postSolution
		SolutionGuid = {99D49D7B-03D6-413E-8D9D-EFAF32A62759}
	EndGlobalSection
EndGlobal
