
Microsoft Visual Studio Solution File, Format Version 12.00
# Visual Studio Version 17
VisualStudioVersion = 17.4.33205.214
MinimumVisualStudioVersion = 10.0.40219.1
Project("{FAE04EC0-301F-11D3-BF4B-00C04F79EFBC}") = "diziler_uygulaması", "diziler_uygulaması\diziler_uygulaması.csproj", "{5EB9CCE4-E18E-449D-9E23-C48A1B79080D}"
EndProject
Global
	GlobalSection(SolutionConfigurationPlatforms) = preSolution
		Debug|Any CPU = Debug|Any CPU
		Release|Any CPU = Release|Any CPU
	EndGlobalSection
	GlobalSection(ProjectConfigurationPlatforms) = postSolution
		{5EB9CCE4-E18E-449D-9E23-C48A1B79080D}.Debug|Any CPU.ActiveCfg = Debug|Any CPU
		{5EB9CCE4-E18E-449D-9E23-C48A1B79080D}.Debug|Any CPU.Build.0 = Debug|Any CPU
		{5EB9CCE4-E18E-449D-9E23-C48A1B79080D}.Release|Any CPU.ActiveCfg = Release|Any CPU
		{5EB9CCE4-E18E-449D-9E23-C48A1B79080D}.Release|Any CPU.Build.0 = Release|Any CPU
	EndGlobalSection
	GlobalSection(SolutionProperties) = preSolution
		HideSolutionNode = FALSE
	EndGlobalSection
	GlobalSection(ExtensibilityGlobals) = postSolution
		SolutionGuid = {D06871EC-BF73-453C-A031-98DD81BDB7BB}
	EndGlobalSection
EndGlobal
