
Microsoft Visual Studio Solution File, Format Version 12.00
# Visual Studio Version 17
VisualStudioVersion = 17.4.33205.214
MinimumVisualStudioVersion = 10.0.40219.1
Project("{FAE04EC0-301F-11D3-BF4B-00C04F79EFBC}") = "matematiksel işlem if-elseif", "matematiksel işlem if-elseif\matematiksel işlem if-elseif.csproj", "{71624DA9-09EA-462E-A156-E168C9A17399}"
EndProject
Global
	GlobalSection(SolutionConfigurationPlatforms) = preSolution
		Debug|Any CPU = Debug|Any CPU
		Release|Any CPU = Release|Any CPU
	EndGlobalSection
	GlobalSection(ProjectConfigurationPlatforms) = postSolution
		{71624DA9-09EA-462E-A156-E168C9A17399}.Debug|Any CPU.ActiveCfg = Debug|Any CPU
		{71624DA9-09EA-462E-A156-E168C9A17399}.Debug|Any CPU.Build.0 = Debug|Any CPU
		{71624DA9-09EA-462E-A156-E168C9A17399}.Release|Any CPU.ActiveCfg = Release|Any CPU
		{71624DA9-09EA-462E-A156-E168C9A17399}.Release|Any CPU.Build.0 = Release|Any CPU
	EndGlobalSection
	GlobalSection(SolutionProperties) = preSolution
		HideSolutionNode = FALSE
	EndGlobalSection
	GlobalSection(ExtensibilityGlobals) = postSolution
		SolutionGuid = {EBB0943E-C1E0-403C-9770-53924D3BF2C7}
	EndGlobalSection
EndGlobal
